
Microsoft Visual Studio Solution File, Format Version 12.00
# Visual Studio Version 16
VisualStudioVersion = 16.0.30104.148
MinimumVisualStudioVersion = 10.0.40219.1
Project("{FAE04EC0-301F-11D3-BF4B-00C04F79EFBC}") = "WPF_Pages", "WPF_Pages\WPF_Pages.csproj", "{EB779763-988C-4F18-9B1F-8D231B492652}"
EndProject
Global
	GlobalSection(SolutionConfigurationPlatforms) = preSolution
		Debug|Any CPU = Debug|Any CPU
		Release|Any CPU = Release|Any CPU
	EndGlobalSection
	GlobalSection(ProjectConfigurationPlatforms) = postSolution
		{EB779763-988C-4F18-9B1F-8D231B492652}.Debug|Any CPU.ActiveCfg = Debug|Any CPU
		{EB779763-988C-4F18-9B1F-8D231B492652}.Debug|Any CPU.Build.0 = Debug|Any CPU
		{EB779763-988C-4F18-9B1F-8D231B492652}.Release|Any CPU.ActiveCfg = Release|Any CPU
		{EB779763-988C-4F18-9B1F-8D231B492652}.Release|Any CPU.Build.0 = Release|Any CPU
	EndGlobalSection
	GlobalSection(SolutionProperties) = preSolution
		HideSolutionNode = FALSE
	EndGlobalSection
	GlobalSection(ExtensibilityGlobals) = postSolution
		SolutionGuid = {E8F38E39-D64A-4340-895D-C41728BF54B8}
	EndGlobalSection
EndGlobal
